
Microsoft Visual Studio Solution File, Format Version 12.00
# Visual Studio 14
VisualStudioVersion = 14.0.24720.0
MinimumVisualStudioVersion = 10.0.40219.1
Project("{FAE04EC0-301F-11D3-BF4B-00C04F79EFBC}") = "SAM.Spike.Library", "SAM.Spike.Library\SAM.Spike.Library.csproj", "{06290D13-BE9F-440A-A2B4-EAC25A36A7E4}"
EndProject
Project("{FAE04EC0-301F-11D3-BF4B-00C04F79EFBC}") = "SAM.Spike.WinformClient", "SAM.Spike.WinformClient\SAM.Spike.WinformClient.csproj", "{3C2D6EC8-EE50-45EB-A892-C10E550AB871}"
EndProject
Project("{FAE04EC0-301F-11D3-BF4B-00C04F79EFBC}") = "SAM.Spike.RocketLauncherWinform", "SAM.Spike.RocketLauncherWinform\SAM.Spike.RocketLauncherWinform.csproj", "{FF002C97-65A8-4A94-8307-292E04B9877B}"
EndProject
Global
	GlobalSection(SolutionConfigurationPlatforms) = preSolution
		Debug|Any CPU = Debug|Any CPU
		Release|Any CPU = Release|Any CPU
	EndGlobalSection
	GlobalSection(ProjectConfigurationPlatforms) = postSolution
		{06290D13-BE9F-440A-A2B4-EAC25A36A7E4}.Debug|Any CPU.ActiveCfg = Debug|Any CPU
		{06290D13-BE9F-440A-A2B4-EAC25A36A7E4}.Debug|Any CPU.Build.0 = Debug|Any CPU
		{06290D13-BE9F-440A-A2B4-EAC25A36A7E4}.Release|Any CPU.ActiveCfg = Release|Any CPU
		{06290D13-BE9F-440A-A2B4-EAC25A36A7E4}.Release|Any CPU.Build.0 = Release|Any CPU
		{3C2D6EC8-EE50-45EB-A892-C10E550AB871}.Debug|Any CPU.ActiveCfg = Debug|Any CPU
		{3C2D6EC8-EE50-45EB-A892-C10E550AB871}.Debug|Any CPU.Build.0 = Debug|Any CPU
		{3C2D6EC8-EE50-45EB-A892-C10E550AB871}.Release|Any CPU.ActiveCfg = Release|Any CPU
		{3C2D6EC8-EE50-45EB-A892-C10E550AB871}.Release|Any CPU.Build.0 = Release|Any CPU
		{FF002C97-65A8-4A94-8307-292E04B9877B}.Debug|Any CPU.ActiveCfg = Debug|Any CPU
		{FF002C97-65A8-4A94-8307-292E04B9877B}.Debug|Any CPU.Build.0 = Debug|Any CPU
		{FF002C97-65A8-4A94-8307-292E04B9877B}.Release|Any CPU.ActiveCfg = Release|Any CPU
		{FF002C97-65A8-4A94-8307-292E04B9877B}.Release|Any CPU.Build.0 = Release|Any CPU
	EndGlobalSection
	GlobalSection(SolutionProperties) = preSolution
		HideSolutionNode = FALSE
	EndGlobalSection
EndGlobal
